// !$*UTF8*$!
{
	archiveVersion = 1;
	classes = {
	};
	objectVersion = 51;
	objects = {

/* Begin PBXBuildFile section */
		38E32699B84F7EA54B773B08 /* Pods_firstApp.framework in Frameworks */ = {isa = PBXBuildFile; fileRef = 422DC8A895111A43160E3EBE /* Pods_firstApp.framework */; };
		6F5C233E04EEBB051F0D51FE /* Pods_firstAppTests.framework in Frameworks */ = {isa = PBXBuildFile; fileRef = 331737348DEEB265BBFFEDF1 /* Pods_firstAppTests.framework */; };
		7F521576F9043EA499BAD2FE /* Pods_firstApp_firstAppUITests.framework in Frameworks */ = {isa = PBXBuildFile; fileRef = EF1742D407E39D306D32AFAD /* Pods_firstApp_firstAppUITests.framework */; };
		C90F8E3E26661C01003B09A7 /* AppDelegate.swift in Sources */ = {isa = PBXBuildFile; fileRef = C90F8E3D26661C01003B09A7 /* AppDelegate.swift */; };
		C90F8E4026661C01003B09A7 /* SceneDelegate.swift in Sources */ = {isa = PBXBuildFile; fileRef = C90F8E3F26661C01003B09A7 /* SceneDelegate.swift */; };
		C90F8E4526661C01003B09A7 /* Main.storyboard in Resources */ = {isa = PBXBuildFile; fileRef = C90F8E4326661C01003B09A7 /* Main.storyboard */; };
		C90F8E4726661C04003B09A7 /* Assets.xcassets in Resources */ = {isa = PBXBuildFile; fileRef = C90F8E4626661C04003B09A7 /* Assets.xcassets */; };
		C90F8E4A26661C04003B09A7 /* LaunchScreen.storyboard in Resources */ = {isa = PBXBuildFile; fileRef = C90F8E4826661C04003B09A7 /* LaunchScreen.storyboard */; };
		C90F8E5526661C05003B09A7 /* firstAppTests.swift in Sources */ = {isa = PBXBuildFile; fileRef = C90F8E5426661C05003B09A7 /* firstAppTests.swift */; };
		C90F8E6026661C05003B09A7 /* firstAppUITests.swift in Sources */ = {isa = PBXBuildFile; fileRef = C90F8E5F26661C05003B09A7 /* firstAppUITests.swift */; };
		C916D15B2680778D00148402 /* IntroViewController.swift in Sources */ = {isa = PBXBuildFile; fileRef = C916D15A2680778D00148402 /* IntroViewController.swift */; };
		C916D15D2681729A00148402 /* MainViewController.swift in Sources */ = {isa = PBXBuildFile; fileRef = C916D15C2681729A00148402 /* MainViewController.swift */; };
		C916D1622681994300148402 /* NavigationController.swift in Sources */ = {isa = PBXBuildFile; fileRef = C916D1612681994200148402 /* NavigationController.swift */; };
		C9EF093126773C7200B2D89D /* UIColor.swift in Sources */ = {isa = PBXBuildFile; fileRef = C9EF093026773C7200B2D89D /* UIColor.swift */; };
		C9EF0939267C758800B2D89D /* String.swift in Sources */ = {isa = PBXBuildFile; fileRef = C9EF0938267C758800B2D89D /* String.swift */; };
		C9EF536D26733D8B00CD7A88 /* ViewController.swift in Sources */ = {isa = PBXBuildFile; fileRef = C9EF536C26733D8B00CD7A88 /* ViewController.swift */; };
/* End PBXBuildFile section */

/* Begin PBXContainerItemProxy section */
		C90F8E5126661C05003B09A7 /* PBXContainerItemProxy */ = {
			isa = PBXContainerItemProxy;
			containerPortal = C90F8E3226661C00003B09A7 /* Project object */;
			proxyType = 1;
			remoteGlobalIDString = C90F8E3926661C00003B09A7;
			remoteInfo = firstApp;
		};
		C90F8E5C26661C05003B09A7 /* PBXContainerItemProxy */ = {
			isa = PBXContainerItemProxy;
			containerPortal = C90F8E3226661C00003B09A7 /* Project object */;
			proxyType = 1;
			remoteGlobalIDString = C90F8E3926661C00003B09A7;
			remoteInfo = firstApp;
		};
/* End PBXContainerItemProxy section */

/* Begin PBXFileReference section */
		331737348DEEB265BBFFEDF1 /* Pods_firstAppTests.framework */ = {isa = PBXFileReference; explicitFileType = wrapper.framework; includeInIndex = 0; path = Pods_firstAppTests.framework; sourceTree = BUILT_PRODUCTS_DIR; };
		422DC8A895111A43160E3EBE /* Pods_firstApp.framework */ = {isa = PBXFileReference; explicitFileType = wrapper.framework; includeInIndex = 0; path = Pods_firstApp.framework; sourceTree = BUILT_PRODUCTS_DIR; };
		4F6EA8C71C6CA6AA7766C02A /* Pods-firstAppTests.release.xcconfig */ = {isa = PBXFileReference; includeInIndex = 1; lastKnownFileType = text.xcconfig; name = "Pods-firstAppTests.release.xcconfig"; path = "Target Support Files/Pods-firstAppTests/Pods-firstAppTests.release.xcconfig"; sourceTree = "<group>"; };
		5986F7DEDA35A2E415365227 /* Pods-firstAppTests.debug.xcconfig */ = {isa = PBXFileReference; includeInIndex = 1; lastKnownFileType = text.xcconfig; name = "Pods-firstAppTests.debug.xcconfig"; path = "Target Support Files/Pods-firstAppTests/Pods-firstAppTests.debug.xcconfig"; sourceTree = "<group>"; };
		5A9561A8D171DBBC9E908EEA /* Pods-firstApp.debug.xcconfig */ = {isa = PBXFileReference; includeInIndex = 1; lastKnownFileType = text.xcconfig; name = "Pods-firstApp.debug.xcconfig"; path = "Target Support Files/Pods-firstApp/Pods-firstApp.debug.xcconfig"; sourceTree = "<group>"; };
		5C162A0607CA7A47127995FF /* Pods-firstApp.release.xcconfig */ = {isa = PBXFileReference; includeInIndex = 1; lastKnownFileType = text.xcconfig; name = "Pods-firstApp.release.xcconfig"; path = "Target Support Files/Pods-firstApp/Pods-firstApp.release.xcconfig"; sourceTree = "<group>"; };
		C90F8E3A26661C00003B09A7 /* firstApp.app */ = {isa = PBXFileReference; explicitFileType = wrapper.application; includeInIndex = 0; path = firstApp.app; sourceTree = BUILT_PRODUCTS_DIR; };
		C90F8E3D26661C01003B09A7 /* AppDelegate.swift */ = {isa = PBXFileReference; lastKnownFileType = sourcecode.swift; path = AppDelegate.swift; sourceTree = "<group>"; };
		C90F8E3F26661C01003B09A7 /* SceneDelegate.swift */ = {isa = PBXFileReference; lastKnownFileType = sourcecode.swift; path = SceneDelegate.swift; sourceTree = "<group>"; };
		C90F8E4426661C01003B09A7 /* Base */ = {isa = PBXFileReference; lastKnownFileType = file.storyboard; name = Base; path = Base.lproj/Main.storyboard; sourceTree = "<group>"; };
		C90F8E4626661C04003B09A7 /* Assets.xcassets */ = {isa = PBXFileReference; lastKnownFileType = folder.assetcatalog; path = Assets.xcassets; sourceTree = "<group>"; };
		C90F8E4926661C04003B09A7 /* Base */ = {isa = PBXFileReference; lastKnownFileType = file.storyboard; name = Base; path = Base.lproj/LaunchScreen.storyboard; sourceTree = "<group>"; };
		C90F8E4B26661C04003B09A7 /* Info.plist */ = {isa = PBXFileReference; lastKnownFileType = text.plist.xml; path = Info.plist; sourceTree = "<group>"; };
		C90F8E5026661C05003B09A7 /* firstAppTests.xctest */ = {isa = PBXFileReference; explicitFileType = wrapper.cfbundle; includeInIndex = 0; path = firstAppTests.xctest; sourceTree = BUILT_PRODUCTS_DIR; };
		C90F8E5426661C05003B09A7 /* firstAppTests.swift */ = {isa = PBXFileReference; lastKnownFileType = sourcecode.swift; path = firstAppTests.swift; sourceTree = "<group>"; };
		C90F8E5626661C05003B09A7 /* Info.plist */ = {isa = PBXFileReference; lastKnownFileType = text.plist.xml; path = Info.plist; sourceTree = "<group>"; };
		C90F8E5B26661C05003B09A7 /* firstAppUITests.xctest */ = {isa = PBXFileReference; explicitFileType = wrapper.cfbundle; includeInIndex = 0; path = firstAppUITests.xctest; sourceTree = BUILT_PRODUCTS_DIR; };
		C90F8E5F26661C05003B09A7 /* firstAppUITests.swift */ = {isa = PBXFileReference; lastKnownFileType = sourcecode.swift; path = firstAppUITests.swift; sourceTree = "<group>"; };
		C90F8E6126661C05003B09A7 /* Info.plist */ = {isa = PBXFileReference; lastKnownFileType = text.plist.xml; path = Info.plist; sourceTree = "<group>"; };
		C916D15A2680778D00148402 /* IntroViewController.swift */ = {isa = PBXFileReference; lastKnownFileType = sourcecode.swift; path = IntroViewController.swift; sourceTree = "<group>"; };
		C916D15C2681729A00148402 /* MainViewController.swift */ = {isa = PBXFileReference; lastKnownFileType = sourcecode.swift; path = MainViewController.swift; sourceTree = "<group>"; };
		C916D1612681994200148402 /* NavigationController.swift */ = {isa = PBXFileReference; lastKnownFileType = sourcecode.swift; path = NavigationController.swift; sourceTree = "<group>"; };
		C929908626677C83003F847C /* README.md */ = {isa = PBXFileReference; lastKnownFileType = net.daringfireball.markdown; path = README.md; sourceTree = "<group>"; };
		C929908926677D32003F847C /* README.md */ = {isa = PBXFileReference; lastKnownFileType = net.daringfireball.markdown; path = README.md; sourceTree = "<group>"; };
		C9EF093026773C7200B2D89D /* UIColor.swift */ = {isa = PBXFileReference; lastKnownFileType = sourcecode.swift; name = UIColor.swift; path = ../../../../../../UIColor.swift; sourceTree = "<group>"; };
		C9EF0938267C758800B2D89D /* String.swift */ = {isa = PBXFileReference; lastKnownFileType = sourcecode.swift; path = String.swift; sourceTree = "<group>"; };
		C9EF536A2673390300CD7A88 /* README.md */ = {isa = PBXFileReference; lastKnownFileType = net.daringfireball.markdown; path = README.md; sourceTree = "<group>"; };
		C9EF536C26733D8B00CD7A88 /* ViewController.swift */ = {isa = PBXFileReference; lastKnownFileType = sourcecode.swift; path = ViewController.swift; sourceTree = "<group>"; };
		D3E1331DB2A8EA5339B4AE1D /* Pods-firstApp-firstAppUITests.debug.xcconfig */ = {isa = PBXFileReference; includeInIndex = 1; lastKnownFileType = text.xcconfig; name = "Pods-firstApp-firstAppUITests.debug.xcconfig"; path = "Target Support Files/Pods-firstApp-firstAppUITests/Pods-firstApp-firstAppUITests.debug.xcconfig"; sourceTree = "<group>"; };
		EF1742D407E39D306D32AFAD /* Pods_firstApp_firstAppUITests.framework */ = {isa = PBXFileReference; explicitFileType = wrapper.framework; includeInIndex = 0; path = Pods_firstApp_firstAppUITests.framework; sourceTree = BUILT_PRODUCTS_DIR; };
		EFE02B0B1DDA39E4279C39E9 /* Pods-firstApp-firstAppUITests.release.xcconfig */ = {isa = PBXFileReference; includeInIndex = 1; lastKnownFileType = text.xcconfig; name = "Pods-firstApp-firstAppUITests.release.xcconfig"; path = "Target Support Files/Pods-firstApp-firstAppUITests/Pods-firstApp-firstAppUITests.release.xcconfig"; sourceTree = "<group>"; };
/* End PBXFileReference section */

/* Begin PBXFrameworksBuildPhase section */
		C90F8E3726661C00003B09A7 /* Frameworks */ = {
			isa = PBXFrameworksBuildPhase;
			buildActionMask = 2147483647;
			files = (
				38E32699B84F7EA54B773B08 /* Pods_firstApp.framework in Frameworks */,
			);
			runOnlyForDeploymentPostprocessing = 0;
		};
		C90F8E4D26661C05003B09A7 /* Frameworks */ = {
			isa = PBXFrameworksBuildPhase;
			buildActionMask = 2147483647;
			files = (
				6F5C233E04EEBB051F0D51FE /* Pods_firstAppTests.framework in Frameworks */,
			);
			runOnlyForDeploymentPostprocessing = 0;
		};
		C90F8E5826661C05003B09A7 /* Frameworks */ = {
			isa = PBXFrameworksBuildPhase;
			buildActionMask = 2147483647;
			files = (
				7F521576F9043EA499BAD2FE /* Pods_firstApp_firstAppUITests.framework in Frameworks */,
			);
			runOnlyForDeploymentPostprocessing = 0;
		};
/* End PBXFrameworksBuildPhase section */

/* Begin PBXGroup section */
		16269E3795CF95C67D9DB635 /* Frameworks */ = {
			isa = PBXGroup;
			children = (
				422DC8A895111A43160E3EBE /* Pods_firstApp.framework */,
				EF1742D407E39D306D32AFAD /* Pods_firstApp_firstAppUITests.framework */,
				331737348DEEB265BBFFEDF1 /* Pods_firstAppTests.framework */,
			);
			name = Frameworks;
			sourceTree = "<group>";
		};
		5875EBF1FF974E9B5B8724DD /* Pods */ = {
			isa = PBXGroup;
			children = (
				5A9561A8D171DBBC9E908EEA /* Pods-firstApp.debug.xcconfig */,
				5C162A0607CA7A47127995FF /* Pods-firstApp.release.xcconfig */,
				D3E1331DB2A8EA5339B4AE1D /* Pods-firstApp-firstAppUITests.debug.xcconfig */,
				EFE02B0B1DDA39E4279C39E9 /* Pods-firstApp-firstAppUITests.release.xcconfig */,
				5986F7DEDA35A2E415365227 /* Pods-firstAppTests.debug.xcconfig */,
				4F6EA8C71C6CA6AA7766C02A /* Pods-firstAppTests.release.xcconfig */,
			);
			path = Pods;
			sourceTree = "<group>";
		};
		C90F8E3126661C00003B09A7 = {
			isa = PBXGroup;
			children = (
				C90F8E3C26661C00003B09A7 /* firstApp */,
				C90F8E5326661C05003B09A7 /* firstAppTests */,
				C90F8E5E26661C05003B09A7 /* firstAppUITests */,
				C90F8E3B26661C00003B09A7 /* Products */,
				5875EBF1FF974E9B5B8724DD /* Pods */,
				16269E3795CF95C67D9DB635 /* Frameworks */,
			);
			sourceTree = "<group>";
		};
		C90F8E3B26661C00003B09A7 /* Products */ = {
			isa = PBXGroup;
			children = (
				C90F8E3A26661C00003B09A7 /* firstApp.app */,
				C90F8E5026661C05003B09A7 /* firstAppTests.xctest */,
				C90F8E5B26661C05003B09A7 /* firstAppUITests.xctest */,
			);
			name = Products;
			sourceTree = "<group>";
		};
		C90F8E3C26661C00003B09A7 /* firstApp */ = {
			isa = PBXGroup;
			children = (
				C9299083266773B1003F847C /* Document */,
				C916D15F268182A400148402 /* Game */,
				C916D15E2681829C00148402 /* Setup */,
				C9EF53682673207100CD7A88 /* Common */,
				C94DB6742671A11600D0E4D9 /* Main */,
				C90F8E3D26661C01003B09A7 /* AppDelegate.swift */,
				C90F8E3F26661C01003B09A7 /* SceneDelegate.swift */,
				C90F8E4326661C01003B09A7 /* Main.storyboard */,
				C90F8E4626661C04003B09A7 /* Assets.xcassets */,
				C90F8E4826661C04003B09A7 /* LaunchScreen.storyboard */,
				C90F8E4B26661C04003B09A7 /* Info.plist */,
			);
			path = firstApp;
			sourceTree = "<group>";
		};
		C90F8E5326661C05003B09A7 /* firstAppTests */ = {
			isa = PBXGroup;
			children = (
				C90F8E5426661C05003B09A7 /* firstAppTests.swift */,
				C90F8E5626661C05003B09A7 /* Info.plist */,
			);
			path = firstAppTests;
			sourceTree = "<group>";
		};
		C90F8E5E26661C05003B09A7 /* firstAppUITests */ = {
			isa = PBXGroup;
			children = (
				C90F8E5F26661C05003B09A7 /* firstAppUITests.swift */,
				C90F8E6126661C05003B09A7 /* Info.plist */,
			);
			path = firstAppUITests;
			sourceTree = "<group>";
		};
		C916D15E2681829C00148402 /* Setup */ = {
			isa = PBXGroup;
			children = (
			);
			path = Setup;
			sourceTree = "<group>";
		};
		C916D15F268182A400148402 /* Game */ = {
			isa = PBXGroup;
			children = (
			);
			path = Game;
			sourceTree = "<group>";
		};
		C916D160268183A800148402 /* Custom */ = {
			isa = PBXGroup;
			children = (
				C9EF536C26733D8B00CD7A88 /* ViewController.swift */,
				C916D1612681994200148402 /* NavigationController.swift */,
			);
			name = Custom;
			sourceTree = "<group>";
		};
		C9299083266773B1003F847C /* Document */ = {
			isa = PBXGroup;
			children = (
				C9EF5369267338D600CD7A88 /* StudyDocs */,
				C929908826677D1C003F847C /* DailyDocs */,
				C929908626677C83003F847C /* README.md */,
			);
			path = Document;
			sourceTree = "<group>";
		};
		C929908826677D1C003F847C /* DailyDocs */ = {
			isa = PBXGroup;
			children = (
				C929908926677D32003F847C /* README.md */,
			);
			path = DailyDocs;
			sourceTree = "<group>";
		};
		C94DB6742671A11600D0E4D9 /* Main */ = {
			isa = PBXGroup;
			children = (
				C916D15A2680778D00148402 /* IntroViewController.swift */,
				C916D15C2681729A00148402 /* MainViewController.swift */,
			);
			path = Main;
			sourceTree = "<group>";
		};
		C9EF092F26773C5A00B2D89D /* Util */ = {
			isa = PBXGroup;
			children = (
				C9EF093026773C7200B2D89D /* UIColor.swift */,
				C9EF0938267C758800B2D89D /* String.swift */,
			);
			path = Util;
			sourceTree = "<group>";
		};
		C9EF53682673207100CD7A88 /* Common */ = {
			isa = PBXGroup;
			children = (
				C9EF092F26773C5A00B2D89D /* Util */,
				C9EF536B26733CC700CD7A88 /* Component */,
			);
			path = Common;
			sourceTree = "<group>";
		};
		C9EF5369267338D600CD7A88 /* StudyDocs */ = {
			isa = PBXGroup;
			children = (
				C9EF536A2673390300CD7A88 /* README.md */,
			);
			path = StudyDocs;
			sourceTree = "<group>";
		};
		C9EF536B26733CC700CD7A88 /* Component */ = {
			isa = PBXGroup;
			children = (
				C916D160268183A800148402 /* Custom */,
			);
			path = Component;
			sourceTree = "<group>";
		};
/* End PBXGroup section */

/* Begin PBXNativeTarget section */
		C90F8E3926661C00003B09A7 /* firstApp */ = {
			isa = PBXNativeTarget;
			buildConfigurationList = C90F8E6426661C05003B09A7 /* Build configuration list for PBXNativeTarget "firstApp" */;
			buildPhases = (
				D2FEBE2350655117596FA5B8 /* [CP] Check Pods Manifest.lock */,
				C90F8E3626661C00003B09A7 /* Sources */,
				C90F8E3726661C00003B09A7 /* Frameworks */,
				C90F8E3826661C00003B09A7 /* Resources */,
				68562EE05F343EC489634469 /* [CP] Embed Pods Frameworks */,
			);
			buildRules = (
			);
			dependencies = (
			);
			name = firstApp;
			productName = firstApp;
			productReference = C90F8E3A26661C00003B09A7 /* firstApp.app */;
			productType = "com.apple.product-type.application";
		};
		C90F8E4F26661C05003B09A7 /* firstAppTests */ = {
			isa = PBXNativeTarget;
			buildConfigurationList = C90F8E6726661C05003B09A7 /* Build configuration list for PBXNativeTarget "firstAppTests" */;
			buildPhases = (
				2D9833F3AA64057DDF342980 /* [CP] Check Pods Manifest.lock */,
				C90F8E4C26661C05003B09A7 /* Sources */,
				C90F8E4D26661C05003B09A7 /* Frameworks */,
				C90F8E4E26661C05003B09A7 /* Resources */,
			);
			buildRules = (
			);
			dependencies = (
				C90F8E5226661C05003B09A7 /* PBXTargetDependency */,
			);
			name = firstAppTests;
			productName = firstAppTests;
			productReference = C90F8E5026661C05003B09A7 /* firstAppTests.xctest */;
			productType = "com.apple.product-type.bundle.unit-test";
		};
		C90F8E5A26661C05003B09A7 /* firstAppUITests */ = {
			isa = PBXNativeTarget;
			buildConfigurationList = C90F8E6A26661C05003B09A7 /* Build configuration list for PBXNativeTarget "firstAppUITests" */;
			buildPhases = (
				A6155CEAEA3E6BA7A41F2280 /* [CP] Check Pods Manifest.lock */,
				C90F8E5726661C05003B09A7 /* Sources */,
				C90F8E5826661C05003B09A7 /* Frameworks */,
				C90F8E5926661C05003B09A7 /* Resources */,
				D66C3B3869DCA5270D7BCFE7 /* [CP] Embed Pods Frameworks */,
			);
			buildRules = (
			);
			dependencies = (
				C90F8E5D26661C05003B09A7 /* PBXTargetDependency */,
			);
			name = firstAppUITests;
			productName = firstAppUITests;
			productReference = C90F8E5B26661C05003B09A7 /* firstAppUITests.xctest */;
			productType = "com.apple.product-type.bundle.ui-testing";
		};
/* End PBXNativeTarget section */

/* Begin PBXProject section */
		C90F8E3226661C00003B09A7 /* Project object */ = {
			isa = PBXProject;
			attributes = {
				LastSwiftUpdateCheck = 1250;
				LastUpgradeCheck = 1250;
				TargetAttributes = {
					C90F8E3926661C00003B09A7 = {
						CreatedOnToolsVersion = 12.5;
					};
					C90F8E4F26661C05003B09A7 = {
						CreatedOnToolsVersion = 12.5;
						TestTargetID = C90F8E3926661C00003B09A7;
					};
					C90F8E5A26661C05003B09A7 = {
						CreatedOnToolsVersion = 12.5;
						TestTargetID = C90F8E3926661C00003B09A7;
					};
				};
			};
			buildConfigurationList = C90F8E3526661C00003B09A7 /* Build configuration list for PBXProject "firstApp" */;
			compatibilityVersion = "Xcode 9.3";
			developmentRegion = en;
			hasScannedForEncodings = 0;
			knownRegions = (
				en,
				Base,
			);
			mainGroup = C90F8E3126661C00003B09A7;
			productRefGroup = C90F8E3B26661C00003B09A7 /* Products */;
			projectDirPath = "";
			projectRoot = "";
			targets = (
				C90F8E3926661C00003B09A7 /* firstApp */,
				C90F8E4F26661C05003B09A7 /* firstAppTests */,
				C90F8E5A26661C05003B09A7 /* firstAppUITests */,
			);
		};
/* End PBXProject section */

/* Begin PBXResourcesBuildPhase section */
		C90F8E3826661C00003B09A7 /* Resources */ = {
			isa = PBXResourcesBuildPhase;
			buildActionMask = 2147483647;
			files = (
				C90F8E4A26661C04003B09A7 /* LaunchScreen.storyboard in Resources */,
				C90F8E4726661C04003B09A7 /* Assets.xcassets in Resources */,
				C90F8E4526661C01003B09A7 /* Main.storyboard in Resources */,
			);
			runOnlyForDeploymentPostprocessing = 0;
		};
		C90F8E4E26661C05003B09A7 /* Resources */ = {
			isa = PBXResourcesBuildPhase;
			buildActionMask = 2147483647;
			files = (
			);
			runOnlyForDeploymentPostprocessing = 0;
		};
		C90F8E5926661C05003B09A7 /* Resources */ = {
			isa = PBXResourcesBuildPhase;
			buildActionMask = 2147483647;
			files = (
			);
			runOnlyForDeploymentPostprocessing = 0;
		};
/* End PBXResourcesBuildPhase section */

/* Begin PBXShellScriptBuildPhase section */
		2D9833F3AA64057DDF342980 /* [CP] Check Pods Manifest.lock */ = {
			isa = PBXShellScriptBuildPhase;
			buildActionMask = 2147483647;
			files = (
			);
			inputFileListPaths = (
			);
			inputPaths = (
				"${PODS_PODFILE_DIR_PATH}/Podfile.lock",
				"${PODS_ROOT}/Manifest.lock",
			);
			name = "[CP] Check Pods Manifest.lock";
			outputFileListPaths = (
			);
			outputPaths = (
				"$(DERIVED_FILE_DIR)/Pods-firstAppTests-checkManifestLockResult.txt",
			);
			runOnlyForDeploymentPostprocessing = 0;
			shellPath = /bin/sh;
			shellScript = "diff \"${PODS_PODFILE_DIR_PATH}/Podfile.lock\" \"${PODS_ROOT}/Manifest.lock\" > /dev/null\nif [ $? != 0 ] ; then\n    # print error to STDERR\n    echo \"error: The sandbox is not in sync with the Podfile.lock. Run 'pod install' or update your CocoaPods installation.\" >&2\n    exit 1\nfi\n# This output is used by Xcode 'outputs' to avoid re-running this script phase.\necho \"SUCCESS\" > \"${SCRIPT_OUTPUT_FILE_0}\"\n";
			showEnvVarsInLog = 0;
		};
		68562EE05F343EC489634469 /* [CP] Embed Pods Frameworks */ = {
			isa = PBXShellScriptBuildPhase;
			buildActionMask = 2147483647;
			files = (
			);
			inputFileListPaths = (
				"${PODS_ROOT}/Target Support Files/Pods-firstApp/Pods-firstApp-frameworks-${CONFIGURATION}-input-files.xcfilelist",
			);
			name = "[CP] Embed Pods Frameworks";
			outputFileListPaths = (
				"${PODS_ROOT}/Target Support Files/Pods-firstApp/Pods-firstApp-frameworks-${CONFIGURATION}-output-files.xcfilelist",
			);
			runOnlyForDeploymentPostprocessing = 0;
			shellPath = /bin/sh;
			shellScript = "\"${PODS_ROOT}/Target Support Files/Pods-firstApp/Pods-firstApp-frameworks.sh\"\n";
			showEnvVarsInLog = 0;
		};
		A6155CEAEA3E6BA7A41F2280 /* [CP] Check Pods Manifest.lock */ = {
			isa = PBXShellScriptBuildPhase;
			buildActionMask = 2147483647;
			files = (
			);
			inputFileListPaths = (
			);
			inputPaths = (
				"${PODS_PODFILE_DIR_PATH}/Podfile.lock",
				"${PODS_ROOT}/Manifest.lock",
			);
			name = "[CP] Check Pods Manifest.lock";
			outputFileListPaths = (
			);
			outputPaths = (
				"$(DERIVED_FILE_DIR)/Pods-firstApp-firstAppUITests-checkManifestLockResult.txt",
			);
			runOnlyForDeploymentPostprocessing = 0;
			shellPath = /bin/sh;
			shellScript = "diff \"${PODS_PODFILE_DIR_PATH}/Podfile.lock\" \"${PODS_ROOT}/Manifest.lock\" > /dev/null\nif [ $? != 0 ] ; then\n    # print error to STDERR\n    echo \"error: The sandbox is not in sync with the Podfile.lock. Run 'pod install' or update your CocoaPods installation.\" >&2\n    exit 1\nfi\n# This output is used by Xcode 'outputs' to avoid re-running this script phase.\necho \"SUCCESS\" > \"${SCRIPT_OUTPUT_FILE_0}\"\n";
			showEnvVarsInLog = 0;
		};
		D2FEBE2350655117596FA5B8 /* [CP] Check Pods Manifest.lock */ = {
			isa = PBXShellScriptBuildPhase;
			buildActionMask = 2147483647;
			files = (
			);
			inputFileListPaths = (
			);
			inputPaths = (
				"${PODS_PODFILE_DIR_PATH}/Podfile.lock",
				"${PODS_ROOT}/Manifest.lock",
			);
			name = "[CP] Check Pods Manifest.lock";
			outputFileListPaths = (
			);
			outputPaths = (
				"$(DERIVED_FILE_DIR)/Pods-firstApp-checkManifestLockResult.txt",
			);
			runOnlyForDeploymentPostprocessing = 0;
			shellPath = /bin/sh;
			shellScript = "diff \"${PODS_PODFILE_DIR_PATH}/Podfile.lock\" \"${PODS_ROOT}/Manifest.lock\" > /dev/null\nif [ $? != 0 ] ; then\n    # print error to STDERR\n    echo \"error: The sandbox is not in sync with the Podfile.lock. Run 'pod install' or update your CocoaPods installation.\" >&2\n    exit 1\nfi\n# This output is used by Xcode 'outputs' to avoid re-running this script phase.\necho \"SUCCESS\" > \"${SCRIPT_OUTPUT_FILE_0}\"\n";
			showEnvVarsInLog = 0;
		};
		D66C3B3869DCA5270D7BCFE7 /* [CP] Embed Pods Frameworks */ = {
			isa = PBXShellScriptBuildPhase;
			buildActionMask = 2147483647;
			files = (
			);
			inputFileListPaths = (
				"${PODS_ROOT}/Target Support Files/Pods-firstApp-firstAppUITests/Pods-firstApp-firstAppUITests-frameworks-${CONFIGURATION}-input-files.xcfilelist",
			);
			name = "[CP] Embed Pods Frameworks";
			outputFileListPaths = (
				"${PODS_ROOT}/Target Support Files/Pods-firstApp-firstAppUITests/Pods-firstApp-firstAppUITests-frameworks-${CONFIGURATION}-output-files.xcfilelist",
			);
			runOnlyForDeploymentPostprocessing = 0;
			shellPath = /bin/sh;
			shellScript = "\"${PODS_ROOT}/Target Support Files/Pods-firstApp-firstAppUITests/Pods-firstApp-firstAppUITests-frameworks.sh\"\n";
			showEnvVarsInLog = 0;
		};
/* End PBXShellScriptBuildPhase section */

/* Begin PBXSourcesBuildPhase section */
		C90F8E3626661C00003B09A7 /* Sources */ = {
			isa = PBXSourcesBuildPhase;
			buildActionMask = 2147483647;
			files = (
				C916D15D2681729A00148402 /* MainViewController.swift in Sources */,
				C916D1622681994300148402 /* NavigationController.swift in Sources */,
				C9EF0939267C758800B2D89D /* String.swift in Sources */,
				C9EF093126773C7200B2D89D /* UIColor.swift in Sources */,
				C90F8E3E26661C01003B09A7 /* AppDelegate.swift in Sources */,
				C916D15B2680778D00148402 /* IntroViewController.swift in Sources */,
				C90F8E4026661C01003B09A7 /* SceneDelegate.swift in Sources */,
				C9EF536D26733D8B00CD7A88 /* ViewController.swift in Sources */,
			);
			runOnlyForDeploymentPostprocessing = 0;
		};
		C90F8E4C26661C05003B09A7 /* Sources */ = {
			isa = PBXSourcesBuildPhase;
			buildActionMask = 2147483647;
			files = (
				C90F8E5526661C05003B09A7 /* firstAppTests.swift in Sources */,
			);
			runOnlyForDeploymentPostprocessing = 0;
		};
		C90F8E5726661C05003B09A7 /* Sources */ = {
			isa = PBXSourcesBuildPhase;
			buildActionMask = 2147483647;
			files = (
				C90F8E6026661C05003B09A7 /* firstAppUITests.swift in Sources */,
			);
			runOnlyForDeploymentPostprocessing = 0;
		};
/* End PBXSourcesBuildPhase section */

/* Begin PBXTargetDependency section */
		C90F8E5226661C05003B09A7 /* PBXTargetDependency */ = {
			isa = PBXTargetDependency;
			target = C90F8E3926661C00003B09A7 /* firstApp */;
			targetProxy = C90F8E5126661C05003B09A7 /* PBXContainerItemProxy */;
		};
		C90F8E5D26661C05003B09A7 /* PBXTargetDependency */ = {
			isa = PBXTargetDependency;
			target = C90F8E3926661C00003B09A7 /* firstApp */;
			targetProxy = C90F8E5C26661C05003B09A7 /* PBXContainerItemProxy */;
		};
/* End PBXTargetDependency section */

/* Begin PBXVariantGroup section */
		C90F8E4326661C01003B09A7 /* Main.storyboard */ = {
			isa = PBXVariantGroup;
			children = (
				C90F8E4426661C01003B09A7 /* Base */,
			);
			name = Main.storyboard;
			sourceTree = "<group>";
		};
		C90F8E4826661C04003B09A7 /* LaunchScreen.storyboard */ = {
			isa = PBXVariantGroup;
			children = (
				C90F8E4926661C04003B09A7 /* Base */,
			);
			name = LaunchScreen.storyboard;
			sourceTree = "<group>";
		};
/* End PBXVariantGroup section */

/* Begin XCBuildConfiguration section */
		C90F8E6226661C05003B09A7 /* Debug */ = {
			isa = XCBuildConfiguration;
			buildSettings = {
				ALWAYS_SEARCH_USER_PATHS = NO;
				CLANG_ANALYZER_NONNULL = YES;
				CLANG_ANALYZER_NUMBER_OBJECT_CONVERSION = YES_AGGRESSIVE;
				CLANG_CXX_LANGUAGE_STANDARD = "gnu++14";
				CLANG_CXX_LIBRARY = "libc++";
				CLANG_ENABLE_MODULES = YES;
				CLANG_ENABLE_OBJC_ARC = YES;
				CLANG_ENABLE_OBJC_WEAK = YES;
				CLANG_WARN_BLOCK_CAPTURE_AUTORELEASING = YES;
				CLANG_WARN_BOOL_CONVERSION = YES;
				CLANG_WARN_COMMA = YES;
				CLANG_WARN_CONSTANT_CONVERSION = YES;
				CLANG_WARN_DEPRECATED_OBJC_IMPLEMENTATIONS = YES;
				CLANG_WARN_DIRECT_OBJC_ISA_USAGE = YES_ERROR;
				CLANG_WARN_DOCUMENTATION_COMMENTS = YES;
				CLANG_WARN_EMPTY_BODY = YES;
				CLANG_WARN_ENUM_CONVERSION = YES;
				CLANG_WARN_INFINITE_RECURSION = YES;
				CLANG_WARN_INT_CONVERSION = YES;
				CLANG_WARN_NON_LITERAL_NULL_CONVERSION = YES;
				CLANG_WARN_OBJC_IMPLICIT_RETAIN_SELF = YES;
				CLANG_WARN_OBJC_LITERAL_CONVERSION = YES;
				CLANG_WARN_OBJC_ROOT_CLASS = YES_ERROR;
				CLANG_WARN_QUOTED_INCLUDE_IN_FRAMEWORK_HEADER = YES;
				CLANG_WARN_RANGE_LOOP_ANALYSIS = YES;
				CLANG_WARN_STRICT_PROTOTYPES = YES;
				CLANG_WARN_SUSPICIOUS_MOVE = YES;
				CLANG_WARN_UNGUARDED_AVAILABILITY = YES_AGGRESSIVE;
				CLANG_WARN_UNREACHABLE_CODE = YES;
				CLANG_WARN__DUPLICATE_METHOD_MATCH = YES;
				COPY_PHASE_STRIP = NO;
				DEBUG_INFORMATION_FORMAT = dwarf;
				ENABLE_STRICT_OBJC_MSGSEND = YES;
				ENABLE_TESTABILITY = YES;
				GCC_C_LANGUAGE_STANDARD = gnu11;
				GCC_DYNAMIC_NO_PIC = NO;
				GCC_NO_COMMON_BLOCKS = YES;
				GCC_OPTIMIZATION_LEVEL = 0;
				GCC_PREPROCESSOR_DEFINITIONS = (
					"DEBUG=1",
					"$(inherited)",
				);
				GCC_WARN_64_TO_32_BIT_CONVERSION = YES;
				GCC_WARN_ABOUT_RETURN_TYPE = YES_ERROR;
				GCC_WARN_UNDECLARED_SELECTOR = YES;
				GCC_WARN_UNINITIALIZED_AUTOS = YES_AGGRESSIVE;
				GCC_WARN_UNUSED_FUNCTION = YES;
				GCC_WARN_UNUSED_VARIABLE = YES;
				IPHONEOS_DEPLOYMENT_TARGET = 14.5;
				MTL_ENABLE_DEBUG_INFO = INCLUDE_SOURCE;
				MTL_FAST_MATH = YES;
				ONLY_ACTIVE_ARCH = YES;
				SDKROOT = iphoneos;
				SWIFT_ACTIVE_COMPILATION_CONDITIONS = DEBUG;
				SWIFT_OPTIMIZATION_LEVEL = "-Onone";
			};
			name = Debug;
		};
		C90F8E6326661C05003B09A7 /* Release */ = {
			isa = XCBuildConfiguration;
			buildSettings = {
				ALWAYS_SEARCH_USER_PATHS = NO;
				CLANG_ANALYZER_NONNULL = YES;
				CLANG_ANALYZER_NUMBER_OBJECT_CONVERSION = YES_AGGRESSIVE;
				CLANG_CXX_LANGUAGE_STANDARD = "gnu++14";
				CLANG_CXX_LIBRARY = "libc++";
				CLANG_ENABLE_MODULES = YES;
				CLANG_ENABLE_OBJC_ARC = YES;
				CLANG_ENABLE_OBJC_WEAK = YES;
				CLANG_WARN_BLOCK_CAPTURE_AUTORELEASING = YES;
				CLANG_WARN_BOOL_CONVERSION = YES;
				CLANG_WARN_COMMA = YES;
				CLANG_WARN_CONSTANT_CONVERSION = YES;
				CLANG_WARN_DEPRECATED_OBJC_IMPLEMENTATIONS = YES;
				CLANG_WARN_DIRECT_OBJC_ISA_USAGE = YES_ERROR;
				CLANG_WARN_DOCUMENTATION_COMMENTS = YES;
				CLANG_WARN_EMPTY_BODY = YES;
				CLANG_WARN_ENUM_CONVERSION = YES;
				CLANG_WARN_INFINITE_RECURSION = YES;
				CLANG_WARN_INT_CONVERSION = YES;
				CLANG_WARN_NON_LITERAL_NULL_CONVERSION = YES;
				CLANG_WARN_OBJC_IMPLICIT_RETAIN_SELF = YES;
				CLANG_WARN_OBJC_LITERAL_CONVERSION = YES;
				CLANG_WARN_OBJC_ROOT_CLASS = YES_ERROR;
				CLANG_WARN_QUOTED_INCLUDE_IN_FRAMEWORK_HEADER = YES;
				CLANG_WARN_RANGE_LOOP_ANALYSIS = YES;
				CLANG_WARN_STRICT_PROTOTYPES = YES;
				CLANG_WARN_SUSPICIOUS_MOVE = YES;
				CLANG_WARN_UNGUARDED_AVAILABILITY = YES_AGGRESSIVE;
				CLANG_WARN_UNREACHABLE_CODE = YES;
				CLANG_WARN__DUPLICATE_METHOD_MATCH = YES;
				COPY_PHASE_STRIP = NO;
				DEBUG_INFORMATION_FORMAT = "dwarf-with-dsym";
				ENABLE_NS_ASSERTIONS = NO;
				ENABLE_STRICT_OBJC_MSGSEND = YES;
				GCC_C_LANGUAGE_STANDARD = gnu11;
				GCC_NO_COMMON_BLOCKS = YES;
				GCC_WARN_64_TO_32_BIT_CONVERSION = YES;
				GCC_WARN_ABOUT_RETURN_TYPE = YES_ERROR;
				GCC_WARN_UNDECLARED_SELECTOR = YES;
				GCC_WARN_UNINITIALIZED_AUTOS = YES_AGGRESSIVE;
				GCC_WARN_UNUSED_FUNCTION = YES;
				GCC_WARN_UNUSED_VARIABLE = YES;
				IPHONEOS_DEPLOYMENT_TARGET = 14.5;
				MTL_ENABLE_DEBUG_INFO = NO;
				MTL_FAST_MATH = YES;
				SDKROOT = iphoneos;
				SWIFT_COMPILATION_MODE = wholemodule;
				SWIFT_OPTIMIZATION_LEVEL = "-O";
				VALIDATE_PRODUCT = YES;
			};
			name = Release;
		};
		C90F8E6526661C05003B09A7 /* Debug */ = {
			isa = XCBuildConfiguration;
			baseConfigurationReference = 5A9561A8D171DBBC9E908EEA /* Pods-firstApp.debug.xcconfig */;
			buildSettings = {
				ASSETCATALOG_COMPILER_APPICON_NAME = AppIcon;
				ASSETCATALOG_COMPILER_GLOBAL_ACCENT_COLOR_NAME = AccentColor;
				CODE_SIGN_STYLE = Automatic;
				DEVELOPMENT_TEAM = L57C4TX89C;
				INFOPLIST_FILE = firstApp/Info.plist;
				LD_RUNPATH_SEARCH_PATHS = (
					"$(inherited)",
					"@executable_path/Frameworks",
				);
				PRODUCT_BUNDLE_IDENTIFIER = com.kh.phone.firstApp;
				PRODUCT_NAME = "$(TARGET_NAME)";
				SWIFT_VERSION = 5.0;
				TARGETED_DEVICE_FAMILY = "1,2";
			};
			name = Debug;
		};
		C90F8E6626661C05003B09A7 /* Release */ = {
			isa = XCBuildConfiguration;
			baseConfigurationReference = 5C162A0607CA7A47127995FF /* Pods-firstApp.release.xcconfig */;
			buildSettings = {
				ASSETCATALOG_COMPILER_APPICON_NAME = AppIcon;
				ASSETCATALOG_COMPILER_GLOBAL_ACCENT_COLOR_NAME = AccentColor;
				CODE_SIGN_STYLE = Automatic;
				DEVELOPMENT_TEAM = L57C4TX89C;
				INFOPLIST_FILE = firstApp/Info.plist;
				LD_RUNPATH_SEARCH_PATHS = (
					"$(inherited)",
					"@executable_path/Frameworks",
				);
				PRODUCT_BUNDLE_IDENTIFIER = com.kh.phone.firstApp;
				PRODUCT_NAME = "$(TARGET_NAME)";
				SWIFT_VERSION = 5.0;
				TARGETED_DEVICE_FAMILY = "1,2";
			};
			name = Release;
		};
		C90F8E6826661C05003B09A7 /* Debug */ = {
			isa = XCBuildConfiguration;
			baseConfigurationReference = 5986F7DEDA35A2E415365227 /* Pods-firstAppTests.debug.xcconfig */;
			buildSettings = {
				ALWAYS_EMBED_SWIFT_STANDARD_LIBRARIES = YES;
				BUNDLE_LOADER = "$(TEST_HOST)";
				CODE_SIGN_STYLE = Automatic;
				DEVELOPMENT_TEAM = L57C4TX89C;
				INFOPLIST_FILE = firstAppTests/Info.plist;
				IPHONEOS_DEPLOYMENT_TARGET = 14.5;
				LD_RUNPATH_SEARCH_PATHS = (
					"$(inherited)",
					"@executable_path/Frameworks",
					"@loader_path/Frameworks",
				);
				PRODUCT_BUNDLE_IDENTIFIER = com.kh.phone.firstAppTests;
				PRODUCT_NAME = "$(TARGET_NAME)";
				SWIFT_VERSION = 5.0;
				TARGETED_DEVICE_FAMILY = "1,2";
				TEST_HOST = "$(BUILT_PRODUCTS_DIR)/firstApp.app/firstApp";
			};
			name = Debug;
		};
		C90F8E6926661C05003B09A7 /* Release */ = {
			isa = XCBuildConfiguration;
			baseConfigurationReference = 4F6EA8C71C6CA6AA7766C02A /* Pods-firstAppTests.release.xcconfig */;
			buildSettings = {
				ALWAYS_EMBED_SWIFT_STANDARD_LIBRARIES = YES;
				BUNDLE_LOADER = "$(TEST_HOST)";
				CODE_SIGN_STYLE = Automatic;
				DEVELOPMENT_TEAM = L57C4TX89C;
				INFOPLIST_FILE = firstAppTests/Info.plist;
				IPHONEOS_DEPLOYMENT_TARGET = 14.5;
				LD_RUNPATH_SEARCH_PATHS = (
					"$(inherited)",
					"@executable_path/Frameworks",
					"@loader_path/Frameworks",
				);
				PRODUCT_BUNDLE_IDENTIFIER = com.kh.phone.firstAppTests;
				PRODUCT_NAME = "$(TARGET_NAME)";
				SWIFT_VERSION = 5.0;
				TARGETED_DEVICE_FAMILY = "1,2";
				TEST_HOST = "$(BUILT_PRODUCTS_DIR)/firstApp.app/firstApp";
			};
			name = Release;
		};
		C90F8E6B26661C05003B09A7 /* Debug */ = {
			isa = XCBuildConfiguration;
			baseConfigurationReference = D3E1331DB2A8EA5339B4AE1D /* Pods-firstApp-firstAppUITests.debug.xcconfig */;
			buildSettings = {
				ALWAYS_EMBED_SWIFT_STANDARD_LIBRARIES = YES;
				CODE_SIGN_STYLE = Automatic;
				DEVELOPMENT_TEAM = L57C4TX89C;
				INFOPLIST_FILE = firstAppUITests/Info.plist;
				LD_RUNPATH_SEARCH_PATHS = (
					"$(inherited)",
					"@executable_path/Frameworks",
					"@loader_path/Frameworks",
				);
				PRODUCT_BUNDLE_IDENTIFIER = com.kh.phone.firstAppUITests;
				PRODUCT_NAME = "$(TARGET_NAME)";
				SWIFT_VERSION = 5.0;
				TARGETED_DEVICE_FAMILY = "1,2";
				TEST_TARGET_NAME = firstApp;
			};
			name = Debug;
		};
		C90F8E6C26661C05003B09A7 /* Release */ = {
			isa = XCBuildConfiguration;
			baseConfigurationReference = EFE02B0B1DDA39E4279C39E9 /* Pods-firstApp-firstAppUITests.release.xcconfig */;
			buildSettings = {
				ALWAYS_EMBED_SWIFT_STANDARD_LIBRARIES = YES;
				CODE_SIGN_STYLE = Automatic;
				DEVELOPMENT_TEAM = L57C4TX89C;
				INFOPLIST_FILE = firstAppUITests/Info.plist;
				LD_RUNPATH_SEARCH_PATHS = (
					"$(inherited)",
					"@executable_path/Frameworks",
					"@loader_path/Frameworks",
				);
				PRODUCT_BUNDLE_IDENTIFIER = com.kh.phone.firstAppUITests;
				PRODUCT_NAME = "$(TARGET_NAME)";
				SWIFT_VERSION = 5.0;
				TARGETED_DEVICE_FAMILY = "1,2";
				TEST_TARGET_NAME = firstApp;
			};
			name = Release;
		};
/* End XCBuildConfiguration section */

/* Begin XCConfigurationList section */
		C90F8E3526661C00003B09A7 /* Build configuration list for PBXProject "firstApp" */ = {
			isa = XCConfigurationList;
			buildConfigurations = (
				C90F8E6226661C05003B09A7 /* Debug */,
				C90F8E6326661C05003B09A7 /* Release */,
			);
			defaultConfigurationIsVisible = 0;
			defaultConfigurationName = Release;
		};
		C90F8E6426661C05003B09A7 /* Build configuration list for PBXNativeTarget "firstApp" */ = {
			isa = XCConfigurationList;
			buildConfigurations = (
				C90F8E6526661C05003B09A7 /* Debug */,
				C90F8E6626661C05003B09A7 /* Release */,
			);
			defaultConfigurationIsVisible = 0;
			defaultConfigurationName = Release;
		};
		C90F8E6726661C05003B09A7 /* Build configuration list for PBXNativeTarget "firstAppTests" */ = {
			isa = XCConfigurationList;
			buildConfigurations = (
				C90F8E6826661C05003B09A7 /* Debug */,
				C90F8E6926661C05003B09A7 /* Release */,
			);
			defaultConfigurationIsVisible = 0;
			defaultConfigurationName = Release;
		};
		C90F8E6A26661C05003B09A7 /* Build configuration list for PBXNativeTarget "firstAppUITests" */ = {
			isa = XCConfigurationList;
			buildConfigurations = (
				C90F8E6B26661C05003B09A7 /* Debug */,
				C90F8E6C26661C05003B09A7 /* Release */,
			);
			defaultConfigurationIsVisible = 0;
			defaultConfigurationName = Release;
		};
/* End XCConfigurationList section */
	};
	rootObject = C90F8E3226661C00003B09A7 /* Project object */;
}
